# This file is autogenerated, do not edit; changes may be undone by the next 'dep ensure'.


[[projects]]
  branch = "master"
  name = "github.com/bitrise-io/go-utils"
  packages = ["colorstring","fileutil","log","pathutil","sliceutil"]
  revision = "3cd2fc1c516caded20f67b53428cb793a82ad454"

[[projects]]
  branch = "master"
  name = "github.com/bitrise-tools/go-steputils"
  packages = ["input"]
  revision = "a848c9870ff7d745a8fb2a951e1c81fcb147b4ec"

[[projects]]
  name = "github.com/ryanuber/go-glob"
  packages = ["."]
  revision = "572520ed46dbddaed19ea3d9541bdd0494163693"
  version = "v0.1"

[solve-meta]
  analyzer-name = "dep"
  analyzer-version = 1
  inputs-digest = "40524b1ed48e78df2bad30afd04963ecd5a6f46aa77ae929ecbeb661ce62ceef"
  solver-name = "gps-cdcl"
  solver-version = 1
