# This file is autogenerated, do not edit; changes may be undone by the next 'dep ensure'.


[[projects]]
  branch = "master"
  digest = "1:1cc0cd4ff17a28106fa30b6951cc4001a8107dd6170f6b73b5a9235341772a11"
  name = "github.com/bitrise-io/go-utils"
  packages = [
    "colorstring",
    "command",
    "errorutil",
    "fileutil",
    "log",
    "parseutil",
    "pathutil",
    "pointers",
  ]
  pruneopts = ""
  revision = "8898129615c9e407fc6b0e60ea882f2b18ec4dc2"

[[projects]]
  branch = "master"
  digest = "1:83cf8830861be653ba3064b3b16c797aa808fd42be1cc1483b965783da9a1106"
  name = "github.com/bitrise-tools/go-steputils"
  packages = ["stepconf"]
  pruneopts = ""
  revision = "cecc766da84859e37e780d9d1c416f0f3993e6b1"

[[projects]]
  digest = "1:29df111893b87bd947307aab294c042e900c2f29c53ad3896127955b4283728a"
  name = "github.com/ryanuber/go-glob"
  packages = ["."]
  pruneopts = ""
  revision = "572520ed46dbddaed19ea3d9541bdd0494163693"
  version = "v0.1"

[solve-meta]
  analyzer-name = "dep"
  analyzer-version = 1
  input-imports = [
    "github.com/bitrise-io/go-utils/command",
    "github.com/bitrise-io/go-utils/fileutil",
    "github.com/bitrise-io/go-utils/log",
    "github.com/bitrise-io/go-utils/pathutil",
    "github.com/bitrise-tools/go-steputils/stepconf",
    "github.com/ryanuber/go-glob",
  ]
  solver-name = "gps-cdcl"
  solver-version = 1
